
Microsoft Visual Studio Solution File, Format Version 12.00
# Visual Studio Version 17
VisualStudioVersion = 17.5.33516.290
MinimumVisualStudioVersion = 10.0.40219.1
Project("{FAE04EC0-301F-11D3-BF4B-00C04F79EFBC}") = "ApiGateway.Host", "ApiGateway.Host\ApiGateway.Host.csproj", "{0FF91937-5617-4301-B7B6-E5D516088C53}"
EndProject
Global
	GlobalSection(SolutionConfigurationPlatforms) = preSolution
		Debug|Any CPU = Debug|Any CPU
		Release|Any CPU = Release|Any CPU
	EndGlobalSection
	GlobalSection(ProjectConfigurationPlatforms) = postSolution
		{0FF91937-5617-4301-B7B6-E5D516088C53}.Debug|Any CPU.ActiveCfg = Debug|Any CPU
		{0FF91937-5617-4301-B7B6-E5D516088C53}.Debug|Any CPU.Build.0 = Debug|Any CPU
		{0FF91937-5617-4301-B7B6-E5D516088C53}.Release|Any CPU.ActiveCfg = Release|Any CPU
		{0FF91937-5617-4301-B7B6-E5D516088C53}.Release|Any CPU.Build.0 = Release|Any CPU
	EndGlobalSection
	GlobalSection(SolutionProperties) = preSolution
		HideSolutionNode = FALSE
	EndGlobalSection
	GlobalSection(ExtensibilityGlobals) = postSolution
		SolutionGuid = {D20362A4-1904-4A93-9976-D2C08C09EF40}
	EndGlobalSection
EndGlobal
