
Microsoft Visual Studio Solution File, Format Version 12.00
# Visual Studio Version 17
VisualStudioVersion = 17.5.33516.290
MinimumVisualStudioVersion = 10.0.40219.1
Project("{FAE04EC0-301F-11D3-BF4B-00C04F79EFBC}") = "UsersMS.Host", "UsersMS.Host\UsersMS.Host.csproj", "{6AA9D1E9-A03A-4DE9-9677-FE8C463AFFBA}"
EndProject
Project("{FAE04EC0-301F-11D3-BF4B-00C04F79EFBC}") = "UsersMS.Contracts", "UsersMS.Contracts\UsersMS.Contracts.csproj", "{3B014957-08AA-4DB3-A01E-6CF79567B142}"
EndProject
Project("{FAE04EC0-301F-11D3-BF4B-00C04F79EFBC}") = "UsersMS.Infrastructure", "UsersMS.Infrastructure\UsersMS.Infrastructure.csproj", "{7BF3F45B-CDD9-450C-B7F3-F6B381FE2516}"
EndProject
Global
	GlobalSection(SolutionConfigurationPlatforms) = preSolution
		Debug|Any CPU = Debug|Any CPU
		Release|Any CPU = Release|Any CPU
	EndGlobalSection
	GlobalSection(ProjectConfigurationPlatforms) = postSolution
		{6AA9D1E9-A03A-4DE9-9677-FE8C463AFFBA}.Debug|Any CPU.ActiveCfg = Debug|Any CPU
		{6AA9D1E9-A03A-4DE9-9677-FE8C463AFFBA}.Debug|Any CPU.Build.0 = Debug|Any CPU
		{6AA9D1E9-A03A-4DE9-9677-FE8C463AFFBA}.Release|Any CPU.ActiveCfg = Release|Any CPU
		{6AA9D1E9-A03A-4DE9-9677-FE8C463AFFBA}.Release|Any CPU.Build.0 = Release|Any CPU
		{3B014957-08AA-4DB3-A01E-6CF79567B142}.Debug|Any CPU.ActiveCfg = Debug|Any CPU
		{3B014957-08AA-4DB3-A01E-6CF79567B142}.Debug|Any CPU.Build.0 = Debug|Any CPU
		{3B014957-08AA-4DB3-A01E-6CF79567B142}.Release|Any CPU.ActiveCfg = Release|Any CPU
		{3B014957-08AA-4DB3-A01E-6CF79567B142}.Release|Any CPU.Build.0 = Release|Any CPU
		{7BF3F45B-CDD9-450C-B7F3-F6B381FE2516}.Debug|Any CPU.ActiveCfg = Debug|Any CPU
		{7BF3F45B-CDD9-450C-B7F3-F6B381FE2516}.Debug|Any CPU.Build.0 = Debug|Any CPU
		{7BF3F45B-CDD9-450C-B7F3-F6B381FE2516}.Release|Any CPU.ActiveCfg = Release|Any CPU
		{7BF3F45B-CDD9-450C-B7F3-F6B381FE2516}.Release|Any CPU.Build.0 = Release|Any CPU
	EndGlobalSection
	GlobalSection(SolutionProperties) = preSolution
		HideSolutionNode = FALSE
	EndGlobalSection
	GlobalSection(ExtensibilityGlobals) = postSolution
		SolutionGuid = {3C859449-9807-4C34-801C-2392C8FD1AC6}
	EndGlobalSection
EndGlobal
