
Microsoft Visual Studio Solution File, Format Version 12.00
# Visual Studio Version 17
VisualStudioVersion = 17.5.33516.290
MinimumVisualStudioVersion = 10.0.40219.1
Project("{9A19103F-16F7-4668-BE54-9A1E7A4F7556}") = "BlockchainParsersMS.Host", "BlockchainParsersMS.Host\BlockchainParsersMS.Host.csproj", "{413CCA48-8F95-4483-BABD-605B461EE3FB}"
EndProject
Project("{FAE04EC0-301F-11D3-BF4B-00C04F79EFBC}") = "BlockchainParsersMS.Contract", "BlockchainParsersMS.Contract\BlockchainParsersMS.Contract.csproj", "{A79AE37E-1B36-41C0-94F4-A77E10FD0E5E}"
EndProject
Project("{FAE04EC0-301F-11D3-BF4B-00C04F79EFBC}") = "BlockchainParsersMS.Infrastructure", "BlockchainParsersMS.Infrastructure\BlockchainParsersMS.Infrastructure.csproj", "{77E8D1CE-222C-464C-91F6-15D6FBABB348}"
EndProject
Project("{FAE04EC0-301F-11D3-BF4B-00C04F79EFBC}") = "BlockchainParsersMS.Client", "BlockchainParsersMS.Client\BlockchainParsersMS.Client.csproj", "{3F6E610B-80D5-43CE-B835-E227F1232CDB}"
EndProject
Global
	GlobalSection(SolutionConfigurationPlatforms) = preSolution
		Debug|Any CPU = Debug|Any CPU
		Release|Any CPU = Release|Any CPU
	EndGlobalSection
	GlobalSection(ProjectConfigurationPlatforms) = postSolution
		{413CCA48-8F95-4483-BABD-605B461EE3FB}.Debug|Any CPU.ActiveCfg = Debug|Any CPU
		{413CCA48-8F95-4483-BABD-605B461EE3FB}.Debug|Any CPU.Build.0 = Debug|Any CPU
		{413CCA48-8F95-4483-BABD-605B461EE3FB}.Release|Any CPU.ActiveCfg = Release|Any CPU
		{413CCA48-8F95-4483-BABD-605B461EE3FB}.Release|Any CPU.Build.0 = Release|Any CPU
		{A79AE37E-1B36-41C0-94F4-A77E10FD0E5E}.Debug|Any CPU.ActiveCfg = Debug|Any CPU
		{A79AE37E-1B36-41C0-94F4-A77E10FD0E5E}.Debug|Any CPU.Build.0 = Debug|Any CPU
		{A79AE37E-1B36-41C0-94F4-A77E10FD0E5E}.Release|Any CPU.ActiveCfg = Release|Any CPU
		{A79AE37E-1B36-41C0-94F4-A77E10FD0E5E}.Release|Any CPU.Build.0 = Release|Any CPU
		{77E8D1CE-222C-464C-91F6-15D6FBABB348}.Debug|Any CPU.ActiveCfg = Debug|Any CPU
		{77E8D1CE-222C-464C-91F6-15D6FBABB348}.Debug|Any CPU.Build.0 = Debug|Any CPU
		{77E8D1CE-222C-464C-91F6-15D6FBABB348}.Release|Any CPU.ActiveCfg = Release|Any CPU
		{77E8D1CE-222C-464C-91F6-15D6FBABB348}.Release|Any CPU.Build.0 = Release|Any CPU
		{3F6E610B-80D5-43CE-B835-E227F1232CDB}.Debug|Any CPU.ActiveCfg = Debug|Any CPU
		{3F6E610B-80D5-43CE-B835-E227F1232CDB}.Debug|Any CPU.Build.0 = Debug|Any CPU
		{3F6E610B-80D5-43CE-B835-E227F1232CDB}.Release|Any CPU.ActiveCfg = Release|Any CPU
		{3F6E610B-80D5-43CE-B835-E227F1232CDB}.Release|Any CPU.Build.0 = Release|Any CPU
	EndGlobalSection
	GlobalSection(SolutionProperties) = preSolution
		HideSolutionNode = FALSE
	EndGlobalSection
	GlobalSection(ExtensibilityGlobals) = postSolution
		SolutionGuid = {E1CB6F3A-4788-44D6-9830-8591A92C0E27}
	EndGlobalSection
EndGlobal
